
Microsoft Visual Studio Solution File, Format Version 12.00
# Visual Studio Version 17
VisualStudioVersion = 17.4.33205.214
MinimumVisualStudioVersion = 10.0.40219.1
Project("{9A19103F-16F7-4668-BE54-9A1E7A4F7556}") = "PrimalEditor", "PrimalEditor\PrimalEditor.csproj", "{905AC65F-0895-4A90-B13F-653C6CB863F4}"
EndProject
Project("{8BC9CEB8-8B4A-11D0-8D11-00A0C91BC942}") = "Engine", "Engine\Engine.vcxproj", "{1C376D1F-A4CD-4159-B2EA-B362FA5B96C4}"
EndProject
Project("{8BC9CEB8-8B4A-11D0-8D11-00A0C91BC942}") = "EngineDLL", "EngineDLL\EngineDLL.vcxproj", "{EDFCAE22-34EB-4FBC-9FEE-2B3E91E90C7E}"
EndProject
Project("{8BC9CEB8-8B4A-11D0-8D11-00A0C91BC942}") = "EngineTest", "EngineTest\EngineTest.vcxproj", "{AD6E588C-7FF9-491F-9E8D-C2C4F6570F98}"
EndProject
Project("{8BC9CEB8-8B4A-11D0-8D11-00A0C91BC942}") = "ContentTools", "ContentTools\ContentTools.vcxproj", "{8B88F31D-D46B-4C72-8DB6-060205357501}"
EndProject
Global
	GlobalSection(SolutionConfigurationPlatforms) = preSolution
		Debug|x64 = Debug|x64
		DebugEditor|x64 = DebugEditor|x64
		Release|x64 = Release|x64
		ReleaseEditor|x64 = ReleaseEditor|x64
	EndGlobalSection
	GlobalSection(ProjectConfigurationPlatforms) = postSolution
		{905AC65F-0895-4A90-B13F-653C6CB863F4}.Debug|x64.ActiveCfg = DebugEditor|x64
		{905AC65F-0895-4A90-B13F-653C6CB863F4}.DebugEditor|x64.ActiveCfg = DebugEditor|x64
		{905AC65F-0895-4A90-B13F-653C6CB863F4}.DebugEditor|x64.Build.0 = DebugEditor|x64
		{905AC65F-0895-4A90-B13F-653C6CB863F4}.Release|x64.ActiveCfg = ReleaseEditor|x64
		{905AC65F-0895-4A90-B13F-653C6CB863F4}.Release|x64.Build.0 = ReleaseEditor|x64
		{905AC65F-0895-4A90-B13F-653C6CB863F4}.ReleaseEditor|x64.ActiveCfg = ReleaseEditor|x64
		{905AC65F-0895-4A90-B13F-653C6CB863F4}.ReleaseEditor|x64.Build.0 = ReleaseEditor|x64
		{1C376D1F-A4CD-4159-B2EA-B362FA5B96C4}.Debug|x64.ActiveCfg = Debug|x64
		{1C376D1F-A4CD-4159-B2EA-B362FA5B96C4}.Debug|x64.Build.0 = Debug|x64
		{1C376D1F-A4CD-4159-B2EA-B362FA5B96C4}.DebugEditor|x64.ActiveCfg = DebugEditor|x64
		{1C376D1F-A4CD-4159-B2EA-B362FA5B96C4}.DebugEditor|x64.Build.0 = DebugEditor|x64
		{1C376D1F-A4CD-4159-B2EA-B362FA5B96C4}.Release|x64.ActiveCfg = Release|x64
		{1C376D1F-A4CD-4159-B2EA-B362FA5B96C4}.Release|x64.Build.0 = Release|x64
		{1C376D1F-A4CD-4159-B2EA-B362FA5B96C4}.ReleaseEditor|x64.ActiveCfg = ReleaseEditor|x64
		{1C376D1F-A4CD-4159-B2EA-B362FA5B96C4}.ReleaseEditor|x64.Build.0 = ReleaseEditor|x64
		{EDFCAE22-34EB-4FBC-9FEE-2B3E91E90C7E}.Debug|x64.ActiveCfg = DebugEditor|x64
		{EDFCAE22-34EB-4FBC-9FEE-2B3E91E90C7E}.DebugEditor|x64.ActiveCfg = DebugEditor|x64
		{EDFCAE22-34EB-4FBC-9FEE-2B3E91E90C7E}.DebugEditor|x64.Build.0 = DebugEditor|x64
		{EDFCAE22-34EB-4FBC-9FEE-2B3E91E90C7E}.Release|x64.ActiveCfg = ReleaseEditor|x64
		{EDFCAE22-34EB-4FBC-9FEE-2B3E91E90C7E}.Release|x64.Build.0 = ReleaseEditor|x64
		{EDFCAE22-34EB-4FBC-9FEE-2B3E91E90C7E}.ReleaseEditor|x64.ActiveCfg = ReleaseEditor|x64
		{EDFCAE22-34EB-4FBC-9FEE-2B3E91E90C7E}.ReleaseEditor|x64.Build.0 = ReleaseEditor|x64
		{AD6E588C-7FF9-491F-9E8D-C2C4F6570F98}.Debug|x64.ActiveCfg = Debug|x64
		{AD6E588C-7FF9-491F-9E8D-C2C4F6570F98}.Debug|x64.Build.0 = Debug|x64
		{AD6E588C-7FF9-491F-9E8D-C2C4F6570F98}.DebugEditor|x64.ActiveCfg = DebugEditor|x64
		{AD6E588C-7FF9-491F-9E8D-C2C4F6570F98}.Release|x64.ActiveCfg = Release|x64
		{AD6E588C-7FF9-491F-9E8D-C2C4F6570F98}.Release|x64.Build.0 = Release|x64
		{AD6E588C-7FF9-491F-9E8D-C2C4F6570F98}.ReleaseEditor|x64.ActiveCfg = ReleaseEditor|x64
		{8B88F31D-D46B-4C72-8DB6-060205357501}.Debug|x64.ActiveCfg = DebugEditor|x64
		{8B88F31D-D46B-4C72-8DB6-060205357501}.DebugEditor|x64.ActiveCfg = DebugEditor|x64
		{8B88F31D-D46B-4C72-8DB6-060205357501}.DebugEditor|x64.Build.0 = DebugEditor|x64
		{8B88F31D-D46B-4C72-8DB6-060205357501}.Release|x64.ActiveCfg = ReleaseEditor|x64
		{8B88F31D-D46B-4C72-8DB6-060205357501}.Release|x64.Build.0 = ReleaseEditor|x64
		{8B88F31D-D46B-4C72-8DB6-060205357501}.ReleaseEditor|x64.ActiveCfg = ReleaseEditor|x64
		{8B88F31D-D46B-4C72-8DB6-060205357501}.ReleaseEditor|x64.Build.0 = ReleaseEditor|x64
	EndGlobalSection
	GlobalSection(SolutionProperties) = preSolution
		HideSolutionNode = FALSE
	EndGlobalSection
	GlobalSection(ExtensibilityGlobals) = postSolution
		SolutionGuid = {B5AB3AEC-331B-44E2-8A89-17AF0088E550}
	EndGlobalSection
EndGlobal
